
Microsoft Visual Studio Solution File, Format Version 12.00
# Visual Studio Version 16
VisualStudioVersion = 16.0.30711.63
MinimumVisualStudioVersion = 10.0.40219.1
Project("{9A19103F-16F7-4668-BE54-9A1E7A4F7556}") = "CustomizShapedControls", "CustomizShapedControls\CustomizShapedControls.csproj", "{3173E511-868E-4C0F-B82D-422854DB363B}"
EndProject
Project("{FAE04EC0-301F-11D3-BF4B-00C04F79EFBC}") = "Try", "Try\Try.csproj", "{4A54FB05-E991-4F27-AE78-D16A45167991}"
EndProject
Global
	GlobalSection(SolutionConfigurationPlatforms) = preSolution
		Debug|Any CPU = Debug|Any CPU
		Release|Any CPU = Release|Any CPU
	EndGlobalSection
	GlobalSection(ProjectConfigurationPlatforms) = postSolution
		{3173E511-868E-4C0F-B82D-422854DB363B}.Debug|Any CPU.ActiveCfg = Debug|Any CPU
		{3173E511-868E-4C0F-B82D-422854DB363B}.Debug|Any CPU.Build.0 = Debug|Any CPU
		{3173E511-868E-4C0F-B82D-422854DB363B}.Release|Any CPU.ActiveCfg = Release|Any CPU
		{3173E511-868E-4C0F-B82D-422854DB363B}.Release|Any CPU.Build.0 = Release|Any CPU
		{4A54FB05-E991-4F27-AE78-D16A45167991}.Debug|Any CPU.ActiveCfg = Debug|Any CPU
		{4A54FB05-E991-4F27-AE78-D16A45167991}.Debug|Any CPU.Build.0 = Debug|Any CPU
		{4A54FB05-E991-4F27-AE78-D16A45167991}.Release|Any CPU.ActiveCfg = Release|Any CPU
		{4A54FB05-E991-4F27-AE78-D16A45167991}.Release|Any CPU.Build.0 = Release|Any CPU
	EndGlobalSection
	GlobalSection(SolutionProperties) = preSolution
		HideSolutionNode = FALSE
	EndGlobalSection
	GlobalSection(ExtensibilityGlobals) = postSolution
		SolutionGuid = {08D10A07-43E3-4925-B33C-7108C79B0D4D}
	EndGlobalSection
EndGlobal
